
Microsoft Visual Studio Solution File, Format Version 12.00
# Visual Studio Version 16
VisualStudioVersion = 16.0.32126.315
MinimumVisualStudioVersion = 10.0.40219.1
Project("{9A19103F-16F7-4668-BE54-9A1E7A4F7556}") = "ImageUploader", "ImageUploader\ImageUploader.csproj", "{2C93C787-B326-4589-B797-DACEBDF9BE14}"
EndProject
Global
	GlobalSection(SolutionConfigurationPlatforms) = preSolution
		Debug|Any CPU = Debug|Any CPU
		Release|Any CPU = Release|Any CPU
	EndGlobalSection
	GlobalSection(ProjectConfigurationPlatforms) = postSolution
		{2C93C787-B326-4589-B797-DACEBDF9BE14}.Debug|Any CPU.ActiveCfg = Debug|Any CPU
		{2C93C787-B326-4589-B797-DACEBDF9BE14}.Debug|Any CPU.Build.0 = Debug|Any CPU
		{2C93C787-B326-4589-B797-DACEBDF9BE14}.Release|Any CPU.ActiveCfg = Release|Any CPU
		{2C93C787-B326-4589-B797-DACEBDF9BE14}.Release|Any CPU.Build.0 = Release|Any CPU
	EndGlobalSection
	GlobalSection(SolutionProperties) = preSolution
		HideSolutionNode = FALSE
	EndGlobalSection
	GlobalSection(ExtensibilityGlobals) = postSolution
		SolutionGuid = {FD13B768-EEAC-4ABA-A1B7-9C17D60203A7}
	EndGlobalSection
EndGlobal
